
Microsoft Visual Studio Solution File, Format Version 11.00
# Visual Studio 2010
# SharpDevelop 5.1
Project("{FAE04EC0-301F-11D3-BF4B-00C04F79EFBC}") = "Inventory_Project", "Inventory_Project\Inventory_Project.csproj", "{ECE456BF-5006-456E-9BD9-8D9134385143}"
EndProject
Global
	GlobalSection(SolutionConfigurationPlatforms) = preSolution
		Debug|Any CPU = Debug|Any CPU
		Release|Any CPU = Release|Any CPU
	EndGlobalSection
	GlobalSection(ProjectConfigurationPlatforms) = postSolution
		{ECE456BF-5006-456E-9BD9-8D9134385143}.Debug|Any CPU.ActiveCfg = Debug|Any CPU
		{ECE456BF-5006-456E-9BD9-8D9134385143}.Debug|Any CPU.Build.0 = Debug|Any CPU
		{ECE456BF-5006-456E-9BD9-8D9134385143}.Release|Any CPU.ActiveCfg = Release|Any CPU
		{ECE456BF-5006-456E-9BD9-8D9134385143}.Release|Any CPU.Build.0 = Release|Any CPU
	EndGlobalSection
EndGlobal
